
Microsoft Visual Studio Solution File, Format Version 12.00
# Visual Studio 15
VisualStudioVersion = 15.0.28307.271
MinimumVisualStudioVersion = 10.0.40219.1
Project("{FAE04EC0-301F-11D3-BF4B-00C04F79EFBC}") = "WebApplication1", "WebApplication1\WebApplication1.csproj", "{BB45219D-AD6E-4815-B06F-D012ABF27452}"
EndProject
Project("{2150E333-8FDC-42A3-9474-1A3956D46DE8}") = "Solution Items", "Solution Items", "{E54EF16F-77C6-4BB3-BFD3-F04A97A0A527}"
	ProjectSection(SolutionItems) = preProject
		..\WcfServiceExample\WcfServiceExample.sln = ..\WcfServiceExample\WcfServiceExample.sln
	EndProjectSection
EndProject
Global
	GlobalSection(SolutionConfigurationPlatforms) = preSolution
		Debug|Any CPU = Debug|Any CPU
		Release|Any CPU = Release|Any CPU
	EndGlobalSection
	GlobalSection(ProjectConfigurationPlatforms) = postSolution
		{BB45219D-AD6E-4815-B06F-D012ABF27452}.Debug|Any CPU.ActiveCfg = Debug|Any CPU
		{BB45219D-AD6E-4815-B06F-D012ABF27452}.Debug|Any CPU.Build.0 = Debug|Any CPU
		{BB45219D-AD6E-4815-B06F-D012ABF27452}.Release|Any CPU.ActiveCfg = Release|Any CPU
		{BB45219D-AD6E-4815-B06F-D012ABF27452}.Release|Any CPU.Build.0 = Release|Any CPU
	EndGlobalSection
	GlobalSection(SolutionProperties) = preSolution
		HideSolutionNode = FALSE
	EndGlobalSection
	GlobalSection(ExtensibilityGlobals) = postSolution
		SolutionGuid = {93C9A6BB-F937-45A5-96D4-D6B08A2CA125}
	EndGlobalSection
EndGlobal
